// !$*UTF8*$!
{
	archiveVersion = 1;
	classes = {
	};
	objectVersion = 50;
	objects = {

/* Begin PBXBuildFile section */
		BAA6F53725E1D53B00A327F7 /* IANotificationView.swift in Sources */ = {isa = PBXBuildFile; fileRef = BAA6F53625E1D53B00A327F7 /* IANotificationView.swift */; };
		BAA6F53A25E1DDF800A327F7 /* IANotificationController.swift in Sources */ = {isa = PBXBuildFile; fileRef = BAA6F53925E1DDF800A327F7 /* IANotificationController.swift */; };
		BAD29F1225CF86AF0054DA6F /* IANAction.swift in Sources */ = {isa = PBXBuildFile; fileRef = BAD29F1125CF86AF0054DA6F /* IANAction.swift */; };
		BAD29F1525CF88D40054DA6F /* IANotificationView.xib in Resources */ = {isa = PBXBuildFile; fileRef = BAD29F1425CF88D40054DA6F /* IANotificationView.xib */; };
		BAD29F1C25D07BE90054DA6F /* IANotificationPresenter.swift in Sources */ = {isa = PBXBuildFile; fileRef = BAD29F1B25D07BE90054DA6F /* IANotificationPresenter.swift */; };
		BAFF927B25CF7F84008098DB /* AppDelegate.swift in Sources */ = {isa = PBXBuildFile; fileRef = BAFF927A25CF7F84008098DB /* AppDelegate.swift */; };
		BAFF927F25CF7F84008098DB /* ViewController.swift in Sources */ = {isa = PBXBuildFile; fileRef = BAFF927E25CF7F84008098DB /* ViewController.swift */; };
		BAFF928225CF7F84008098DB /* Main.storyboard in Resources */ = {isa = PBXBuildFile; fileRef = BAFF928025CF7F84008098DB /* Main.storyboard */; };
		BAFF928425CF7F85008098DB /* Assets.xcassets in Resources */ = {isa = PBXBuildFile; fileRef = BAFF928325CF7F85008098DB /* Assets.xcassets */; };
		BAFF928725CF7F85008098DB /* LaunchScreen.storyboard in Resources */ = {isa = PBXBuildFile; fileRef = BAFF928525CF7F85008098DB /* LaunchScreen.storyboard */; };
		BAFF929525CF82CF008098DB /* Queuing.swift in Sources */ = {isa = PBXBuildFile; fileRef = BAFF929425CF82CF008098DB /* Queuing.swift */; };
		BAFF929825CF8352008098DB /* IANQueue.swift in Sources */ = {isa = PBXBuildFile; fileRef = BAFF929725CF8352008098DB /* IANQueue.swift */; };
/* End PBXBuildFile section */

/* Begin PBXFileReference section */
		BAA6F53625E1D53B00A327F7 /* IANotificationView.swift */ = {isa = PBXFileReference; lastKnownFileType = sourcecode.swift; path = IANotificationView.swift; sourceTree = "<group>"; };
		BAA6F53925E1DDF800A327F7 /* IANotificationController.swift */ = {isa = PBXFileReference; lastKnownFileType = sourcecode.swift; path = IANotificationController.swift; sourceTree = "<group>"; };
		BAD29F1125CF86AF0054DA6F /* IANAction.swift */ = {isa = PBXFileReference; lastKnownFileType = sourcecode.swift; path = IANAction.swift; sourceTree = "<group>"; };
		BAD29F1425CF88D40054DA6F /* IANotificationView.xib */ = {isa = PBXFileReference; lastKnownFileType = file.xib; path = IANotificationView.xib; sourceTree = "<group>"; };
		BAD29F1B25D07BE90054DA6F /* IANotificationPresenter.swift */ = {isa = PBXFileReference; lastKnownFileType = sourcecode.swift; path = IANotificationPresenter.swift; sourceTree = "<group>"; };
		BAFF927725CF7F84008098DB /* IANotificationsTestProject.app */ = {isa = PBXFileReference; explicitFileType = wrapper.application; includeInIndex = 0; path = IANotificationsTestProject.app; sourceTree = BUILT_PRODUCTS_DIR; };
		BAFF927A25CF7F84008098DB /* AppDelegate.swift */ = {isa = PBXFileReference; lastKnownFileType = sourcecode.swift; path = AppDelegate.swift; sourceTree = "<group>"; };
		BAFF927E25CF7F84008098DB /* ViewController.swift */ = {isa = PBXFileReference; lastKnownFileType = sourcecode.swift; path = ViewController.swift; sourceTree = "<group>"; };
		BAFF928125CF7F84008098DB /* Base */ = {isa = PBXFileReference; lastKnownFileType = file.storyboard; name = Base; path = Base.lproj/Main.storyboard; sourceTree = "<group>"; };
		BAFF928325CF7F85008098DB /* Assets.xcassets */ = {isa = PBXFileReference; lastKnownFileType = folder.assetcatalog; path = Assets.xcassets; sourceTree = "<group>"; };
		BAFF928625CF7F85008098DB /* Base */ = {isa = PBXFileReference; lastKnownFileType = file.storyboard; name = Base; path = Base.lproj/LaunchScreen.storyboard; sourceTree = "<group>"; };
		BAFF928825CF7F85008098DB /* Info.plist */ = {isa = PBXFileReference; lastKnownFileType = text.plist.xml; path = Info.plist; sourceTree = "<group>"; };
		BAFF929425CF82CF008098DB /* Queuing.swift */ = {isa = PBXFileReference; lastKnownFileType = sourcecode.swift; path = Queuing.swift; sourceTree = "<group>"; };
		BAFF929725CF8352008098DB /* IANQueue.swift */ = {isa = PBXFileReference; lastKnownFileType = sourcecode.swift; path = IANQueue.swift; sourceTree = "<group>"; };
/* End PBXFileReference section */

/* Begin PBXFrameworksBuildPhase section */
		BAFF927425CF7F84008098DB /* Frameworks */ = {
			isa = PBXFrameworksBuildPhase;
			buildActionMask = 2147483647;
			files = (
			);
			runOnlyForDeploymentPostprocessing = 0;
		};
/* End PBXFrameworksBuildPhase section */

/* Begin PBXGroup section */
		BAD29F2025D08AD10054DA6F /* In App Notifications */ = {
			isa = PBXGroup;
			children = (
				BAD29F1425CF88D40054DA6F /* IANotificationView.xib */,
				BAFF929425CF82CF008098DB /* Queuing.swift */,
				BAFF929725CF8352008098DB /* IANQueue.swift */,
				BAD29F1125CF86AF0054DA6F /* IANAction.swift */,
				BAD29F1B25D07BE90054DA6F /* IANotificationPresenter.swift */,
				BAA6F53625E1D53B00A327F7 /* IANotificationView.swift */,
				BAA6F53925E1DDF800A327F7 /* IANotificationController.swift */,
			);
			path = "In App Notifications";
			sourceTree = "<group>";
		};
		BAFF926E25CF7F84008098DB = {
			isa = PBXGroup;
			children = (
				BAFF927925CF7F84008098DB /* IANotificationsTestProject */,
				BAFF927825CF7F84008098DB /* Products */,
			);
			sourceTree = "<group>";
		};
		BAFF927825CF7F84008098DB /* Products */ = {
			isa = PBXGroup;
			children = (
				BAFF927725CF7F84008098DB /* IANotificationsTestProject.app */,
			);
			name = Products;
			sourceTree = "<group>";
		};
		BAFF927925CF7F84008098DB /* IANotificationsTestProject */ = {
			isa = PBXGroup;
			children = (
				BAFF927A25CF7F84008098DB /* AppDelegate.swift */,
				BAFF927E25CF7F84008098DB /* ViewController.swift */,
				BAFF928025CF7F84008098DB /* Main.storyboard */,
				BAFF928325CF7F85008098DB /* Assets.xcassets */,
				BAFF928525CF7F85008098DB /* LaunchScreen.storyboard */,
				BAFF928825CF7F85008098DB /* Info.plist */,
				BAD29F2025D08AD10054DA6F /* In App Notifications */,
			);
			path = IANotificationsTestProject;
			sourceTree = "<group>";
		};
/* End PBXGroup section */

/* Begin PBXNativeTarget section */
		BAFF927625CF7F84008098DB /* IANotificationsTestProject */ = {
			isa = PBXNativeTarget;
			buildConfigurationList = BAFF928B25CF7F85008098DB /* Build configuration list for PBXNativeTarget "IANotificationsTestProject" */;
			buildPhases = (
				BAFF927325CF7F84008098DB /* Sources */,
				BAFF927425CF7F84008098DB /* Frameworks */,
				BAFF927525CF7F84008098DB /* Resources */,
			);
			buildRules = (
			);
			dependencies = (
			);
			name = IANotificationsTestProject;
			productName = IANotificationsTestProject;
			productReference = BAFF927725CF7F84008098DB /* IANotificationsTestProject.app */;
			productType = "com.apple.product-type.application";
		};
/* End PBXNativeTarget section */

/* Begin PBXProject section */
		BAFF926F25CF7F84008098DB /* Project object */ = {
			isa = PBXProject;
			attributes = {
				LastSwiftUpdateCheck = 1240;
				LastUpgradeCheck = 1240;
				TargetAttributes = {
					BAFF927625CF7F84008098DB = {
						CreatedOnToolsVersion = 12.4;
					};
				};
			};
			buildConfigurationList = BAFF927225CF7F84008098DB /* Build configuration list for PBXProject "IANotificationsTestProject" */;
			compatibilityVersion = "Xcode 9.3";
			developmentRegion = en;
			hasScannedForEncodings = 0;
			knownRegions = (
				en,
				Base,
			);
			mainGroup = BAFF926E25CF7F84008098DB;
			productRefGroup = BAFF927825CF7F84008098DB /* Products */;
			projectDirPath = "";
			projectRoot = "";
			targets = (
				BAFF927625CF7F84008098DB /* IANotificationsTestProject */,
			);
		};
/* End PBXProject section */

/* Begin PBXResourcesBuildPhase section */
		BAFF927525CF7F84008098DB /* Resources */ = {
			isa = PBXResourcesBuildPhase;
			buildActionMask = 2147483647;
			files = (
				BAD29F1525CF88D40054DA6F /* IANotificationView.xib in Resources */,
				BAFF928725CF7F85008098DB /* LaunchScreen.storyboard in Resources */,
				BAFF928425CF7F85008098DB /* Assets.xcassets in Resources */,
				BAFF928225CF7F84008098DB /* Main.storyboard in Resources */,
			);
			runOnlyForDeploymentPostprocessing = 0;
		};
/* End PBXResourcesBuildPhase section */

/* Begin PBXSourcesBuildPhase section */
		BAFF927325CF7F84008098DB /* Sources */ = {
			isa = PBXSourcesBuildPhase;
			buildActionMask = 2147483647;
			files = (
				BAD29F1225CF86AF0054DA6F /* IANAction.swift in Sources */,
				BAD29F1C25D07BE90054DA6F /* IANotificationPresenter.swift in Sources */,
				BAA6F53A25E1DDF800A327F7 /* IANotificationController.swift in Sources */,
				BAFF929525CF82CF008098DB /* Queuing.swift in Sources */,
				BAFF927F25CF7F84008098DB /* ViewController.swift in Sources */,
				BAFF929825CF8352008098DB /* IANQueue.swift in Sources */,
				BAFF927B25CF7F84008098DB /* AppDelegate.swift in Sources */,
				BAA6F53725E1D53B00A327F7 /* IANotificationView.swift in Sources */,
			);
			runOnlyForDeploymentPostprocessing = 0;
		};
/* End PBXSourcesBuildPhase section */

/* Begin PBXVariantGroup section */
		BAFF928025CF7F84008098DB /* Main.storyboard */ = {
			isa = PBXVariantGroup;
			children = (
				BAFF928125CF7F84008098DB /* Base */,
			);
			name = Main.storyboard;
			sourceTree = "<group>";
		};
		BAFF928525CF7F85008098DB /* LaunchScreen.storyboard */ = {
			isa = PBXVariantGroup;
			children = (
				BAFF928625CF7F85008098DB /* Base */,
			);
			name = LaunchScreen.storyboard;
			sourceTree = "<group>";
		};
/* End PBXVariantGroup section */

/* Begin XCBuildConfiguration section */
		BAFF928925CF7F85008098DB /* Debug */ = {
			isa = XCBuildConfiguration;
			buildSettings = {
				ALWAYS_SEARCH_USER_PATHS = NO;
				CLANG_ANALYZER_NONNULL = YES;
				CLANG_ANALYZER_NUMBER_OBJECT_CONVERSION = YES_AGGRESSIVE;
				CLANG_CXX_LANGUAGE_STANDARD = "gnu++14";
				CLANG_CXX_LIBRARY = "libc++";
				CLANG_ENABLE_MODULES = YES;
				CLANG_ENABLE_OBJC_ARC = YES;
				CLANG_ENABLE_OBJC_WEAK = YES;
				CLANG_WARN_BLOCK_CAPTURE_AUTORELEASING = YES;
				CLANG_WARN_BOOL_CONVERSION = YES;
				CLANG_WARN_COMMA = YES;
				CLANG_WARN_CONSTANT_CONVERSION = YES;
				CLANG_WARN_DEPRECATED_OBJC_IMPLEMENTATIONS = YES;
				CLANG_WARN_DIRECT_OBJC_ISA_USAGE = YES_ERROR;
				CLANG_WARN_DOCUMENTATION_COMMENTS = YES;
				CLANG_WARN_EMPTY_BODY = YES;
				CLANG_WARN_ENUM_CONVERSION = YES;
				CLANG_WARN_INFINITE_RECURSION = YES;
				CLANG_WARN_INT_CONVERSION = YES;
				CLANG_WARN_NON_LITERAL_NULL_CONVERSION = YES;
				CLANG_WARN_OBJC_IMPLICIT_RETAIN_SELF = YES;
				CLANG_WARN_OBJC_LITERAL_CONVERSION = YES;
				CLANG_WARN_OBJC_ROOT_CLASS = YES_ERROR;
				CLANG_WARN_QUOTED_INCLUDE_IN_FRAMEWORK_HEADER = YES;
				CLANG_WARN_RANGE_LOOP_ANALYSIS = YES;
				CLANG_WARN_STRICT_PROTOTYPES = YES;
				CLANG_WARN_SUSPICIOUS_MOVE = YES;
				CLANG_WARN_UNGUARDED_AVAILABILITY = YES_AGGRESSIVE;
				CLANG_WARN_UNREACHABLE_CODE = YES;
				CLANG_WARN__DUPLICATE_METHOD_MATCH = YES;
				COPY_PHASE_STRIP = NO;
				DEBUG_INFORMATION_FORMAT = dwarf;
				ENABLE_STRICT_OBJC_MSGSEND = YES;
				ENABLE_TESTABILITY = YES;
				GCC_C_LANGUAGE_STANDARD = gnu11;
				GCC_DYNAMIC_NO_PIC = NO;
				GCC_NO_COMMON_BLOCKS = YES;
				GCC_OPTIMIZATION_LEVEL = 0;
				GCC_PREPROCESSOR_DEFINITIONS = (
					"DEBUG=1",
					"$(inherited)",
				);
				GCC_WARN_64_TO_32_BIT_CONVERSION = YES;
				GCC_WARN_ABOUT_RETURN_TYPE = YES_ERROR;
				GCC_WARN_UNDECLARED_SELECTOR = YES;
				GCC_WARN_UNINITIALIZED_AUTOS = YES_AGGRESSIVE;
				GCC_WARN_UNUSED_FUNCTION = YES;
				GCC_WARN_UNUSED_VARIABLE = YES;
				IPHONEOS_DEPLOYMENT_TARGET = 14.4;
				MTL_ENABLE_DEBUG_INFO = INCLUDE_SOURCE;
				MTL_FAST_MATH = YES;
				ONLY_ACTIVE_ARCH = YES;
				SDKROOT = iphoneos;
				SWIFT_ACTIVE_COMPILATION_CONDITIONS = DEBUG;
				SWIFT_OPTIMIZATION_LEVEL = "-Onone";
			};
			name = Debug;
		};
		BAFF928A25CF7F85008098DB /* Release */ = {
			isa = XCBuildConfiguration;
			buildSettings = {
				ALWAYS_SEARCH_USER_PATHS = NO;
				CLANG_ANALYZER_NONNULL = YES;
				CLANG_ANALYZER_NUMBER_OBJECT_CONVERSION = YES_AGGRESSIVE;
				CLANG_CXX_LANGUAGE_STANDARD = "gnu++14";
				CLANG_CXX_LIBRARY = "libc++";
				CLANG_ENABLE_MODULES = YES;
				CLANG_ENABLE_OBJC_ARC = YES;
				CLANG_ENABLE_OBJC_WEAK = YES;
				CLANG_WARN_BLOCK_CAPTURE_AUTORELEASING = YES;
				CLANG_WARN_BOOL_CONVERSION = YES;
				CLANG_WARN_COMMA = YES;
				CLANG_WARN_CONSTANT_CONVERSION = YES;
				CLANG_WARN_DEPRECATED_OBJC_IMPLEMENTATIONS = YES;
				CLANG_WARN_DIRECT_OBJC_ISA_USAGE = YES_ERROR;
				CLANG_WARN_DOCUMENTATION_COMMENTS = YES;
				CLANG_WARN_EMPTY_BODY = YES;
				CLANG_WARN_ENUM_CONVERSION = YES;
				CLANG_WARN_INFINITE_RECURSION = YES;
				CLANG_WARN_INT_CONVERSION = YES;
				CLANG_WARN_NON_LITERAL_NULL_CONVERSION = YES;
				CLANG_WARN_OBJC_IMPLICIT_RETAIN_SELF = YES;
				CLANG_WARN_OBJC_LITERAL_CONVERSION = YES;
				CLANG_WARN_OBJC_ROOT_CLASS = YES_ERROR;
				CLANG_WARN_QUOTED_INCLUDE_IN_FRAMEWORK_HEADER = YES;
				CLANG_WARN_RANGE_LOOP_ANALYSIS = YES;
				CLANG_WARN_STRICT_PROTOTYPES = YES;
				CLANG_WARN_SUSPICIOUS_MOVE = YES;
				CLANG_WARN_UNGUARDED_AVAILABILITY = YES_AGGRESSIVE;
				CLANG_WARN_UNREACHABLE_CODE = YES;
				CLANG_WARN__DUPLICATE_METHOD_MATCH = YES;
				COPY_PHASE_STRIP = NO;
				DEBUG_INFORMATION_FORMAT = "dwarf-with-dsym";
				ENABLE_NS_ASSERTIONS = NO;
				ENABLE_STRICT_OBJC_MSGSEND = YES;
				GCC_C_LANGUAGE_STANDARD = gnu11;
				GCC_NO_COMMON_BLOCKS = YES;
				GCC_WARN_64_TO_32_BIT_CONVERSION = YES;
				GCC_WARN_ABOUT_RETURN_TYPE = YES_ERROR;
				GCC_WARN_UNDECLARED_SELECTOR = YES;
				GCC_WARN_UNINITIALIZED_AUTOS = YES_AGGRESSIVE;
				GCC_WARN_UNUSED_FUNCTION = YES;
				GCC_WARN_UNUSED_VARIABLE = YES;
				IPHONEOS_DEPLOYMENT_TARGET = 14.4;
				MTL_ENABLE_DEBUG_INFO = NO;
				MTL_FAST_MATH = YES;
				SDKROOT = iphoneos;
				SWIFT_COMPILATION_MODE = wholemodule;
				SWIFT_OPTIMIZATION_LEVEL = "-O";
				VALIDATE_PRODUCT = YES;
			};
			name = Release;
		};
		BAFF928C25CF7F85008098DB /* Debug */ = {
			isa = XCBuildConfiguration;
			buildSettings = {
				ASSETCATALOG_COMPILER_APPICON_NAME = AppIcon;
				ASSETCATALOG_COMPILER_GLOBAL_ACCENT_COLOR_NAME = AccentColor;
				CODE_SIGN_STYLE = Automatic;
				DEVELOPMENT_TEAM = ZL97FBBQH7;
				INFOPLIST_FILE = IANotificationsTestProject/Info.plist;
				LD_RUNPATH_SEARCH_PATHS = (
					"$(inherited)",
					"@executable_path/Frameworks",
				);
				PRODUCT_BUNDLE_IDENTIFIER = com.praxsis.IANotificationsTestProject;
				PRODUCT_NAME = "$(TARGET_NAME)";
				SWIFT_VERSION = 5.0;
				TARGETED_DEVICE_FAMILY = "1,2";
			};
			name = Debug;
		};
		BAFF928D25CF7F85008098DB /* Release */ = {
			isa = XCBuildConfiguration;
			buildSettings = {
				ASSETCATALOG_COMPILER_APPICON_NAME = AppIcon;
				ASSETCATALOG_COMPILER_GLOBAL_ACCENT_COLOR_NAME = AccentColor;
				CODE_SIGN_STYLE = Automatic;
				DEVELOPMENT_TEAM = ZL97FBBQH7;
				INFOPLIST_FILE = IANotificationsTestProject/Info.plist;
				LD_RUNPATH_SEARCH_PATHS = (
					"$(inherited)",
					"@executable_path/Frameworks",
				);
				PRODUCT_BUNDLE_IDENTIFIER = com.praxsis.IANotificationsTestProject;
				PRODUCT_NAME = "$(TARGET_NAME)";
				SWIFT_VERSION = 5.0;
				TARGETED_DEVICE_FAMILY = "1,2";
			};
			name = Release;
		};
/* End XCBuildConfiguration section */

/* Begin XCConfigurationList section */
		BAFF927225CF7F84008098DB /* Build configuration list for PBXProject "IANotificationsTestProject" */ = {
			isa = XCConfigurationList;
			buildConfigurations = (
				BAFF928925CF7F85008098DB /* Debug */,
				BAFF928A25CF7F85008098DB /* Release */,
			);
			defaultConfigurationIsVisible = 0;
			defaultConfigurationName = Release;
		};
		BAFF928B25CF7F85008098DB /* Build configuration list for PBXNativeTarget "IANotificationsTestProject" */ = {
			isa = XCConfigurationList;
			buildConfigurations = (
				BAFF928C25CF7F85008098DB /* Debug */,
				BAFF928D25CF7F85008098DB /* Release */,
			);
			defaultConfigurationIsVisible = 0;
			defaultConfigurationName = Release;
		};
/* End XCConfigurationList section */
	};
	rootObject = BAFF926F25CF7F84008098DB /* Project object */;
}
